// !$*UTF8*$!
{
	archiveVersion = 1;
	classes = {
	};
	objectVersion = 52;
	objects = {

/* Begin PBXBuildFile section */
		55168E1723955F3F005D4232 /* HyperLinkTextField.swift in Sources */ = {isa = PBXBuildFile; fileRef = 55168E1623955F3F005D4232 /* HyperLinkTextField.swift */; };
		55168E1A23962545005D4232 /* Helpers.swift in Sources */ = {isa = PBXBuildFile; fileRef = 55168E1923962545005D4232 /* Helpers.swift */; };
		5527E18A23C4853600DF5297 /* Units.swift in Sources */ = {isa = PBXBuildFile; fileRef = 5527E18923C4853600DF5297 /* Units.swift */; };
		554D75EE237E74CF00296295 /* AboutViewController.swift in Sources */ = {isa = PBXBuildFile; fileRef = 554D75ED237E74CF00296295 /* AboutViewController.swift */; };
		5559DE0F24AC55960042E72E /* ConfigViewController.swift in Sources */ = {isa = PBXBuildFile; fileRef = 5559DE0E24AC55960042E72E /* ConfigViewController.swift */; };
		55603CA2250F405B00228785 /* customNumberFormatter.swift in Sources */ = {isa = PBXBuildFile; fileRef = 55603CA1250F405B00228785 /* customNumberFormatter.swift */; };
		556DAAF1237AB11600885463 /* AppDelegate.swift in Sources */ = {isa = PBXBuildFile; fileRef = 556DAAF0237AB11600885463 /* AppDelegate.swift */; };
		556DAAF3237AB11600885463 /* DetailedStatusViewController.swift in Sources */ = {isa = PBXBuildFile; fileRef = 556DAAF2237AB11600885463 /* DetailedStatusViewController.swift */; };
		556DAAF5237AB11600885463 /* Assets.xcassets in Resources */ = {isa = PBXBuildFile; fileRef = 556DAAF4237AB11600885463 /* Assets.xcassets */; };
		556DAAF8237AB11600885463 /* Main.storyboard in Resources */ = {isa = PBXBuildFile; fileRef = 556DAAF6237AB11600885463 /* Main.storyboard */; };
		5590C40B23D18102000DFF54 /* ExportOptions.plist in Resources */ = {isa = PBXBuildFile; fileRef = 5590C40A23D18102000DFF54 /* ExportOptions.plist */; };
		5594643F23879B6700BC99CA /* Handlers.swift in Sources */ = {isa = PBXBuildFile; fileRef = 5594643E23879B6700BC99CA /* Handlers.swift */; };
		55946441238D332600BC99CA /* UserNotifications.framework in Frameworks */ = {isa = PBXBuildFile; fileRef = 55946440238D332600BC99CA /* UserNotifications.framework */; };
		55D67AC72385DEE600F56917 /* DaemonCommander.swift in Sources */ = {isa = PBXBuildFile; fileRef = 55D67AC62385DEE600F56917 /* DaemonCommander.swift */; };
		55F8D913252313A900B5E045 /* pullSecretStoryBoard.storyboard in Resources */ = {isa = PBXBuildFile; fileRef = 55F8D912252313A900B5E045 /* pullSecretStoryBoard.storyboard */; };
		55F8D9162523147F00B5E045 /* PullSecretWindowController.swift in Sources */ = {isa = PBXBuildFile; fileRef = 55F8D9152523147F00B5E045 /* PullSecretWindowController.swift */; };
		55F8D91925231C2200B5E045 /* PullSecretViewController.swift in Sources */ = {isa = PBXBuildFile; fileRef = 55F8D91825231C2200B5E045 /* PullSecretViewController.swift */; };
		A3390174251DF71D00415FD9 /* Socket in Frameworks */ = {isa = PBXBuildFile; productRef = A3390173251DF71D00415FD9 /* Socket */; };
/* End PBXBuildFile section */

/* Begin PBXFileReference section */
		55168E1623955F3F005D4232 /* HyperLinkTextField.swift */ = {isa = PBXFileReference; lastKnownFileType = sourcecode.swift; path = HyperLinkTextField.swift; sourceTree = "<group>"; };
		55168E1923962545005D4232 /* Helpers.swift */ = {isa = PBXFileReference; lastKnownFileType = sourcecode.swift; path = Helpers.swift; sourceTree = "<group>"; };
		5527E18923C4853600DF5297 /* Units.swift */ = {isa = PBXFileReference; lastKnownFileType = sourcecode.swift; path = Units.swift; sourceTree = "<group>"; };
		554D75ED237E74CF00296295 /* AboutViewController.swift */ = {isa = PBXFileReference; lastKnownFileType = sourcecode.swift; path = AboutViewController.swift; sourceTree = "<group>"; };
		5559DE0E24AC55960042E72E /* ConfigViewController.swift */ = {isa = PBXFileReference; lastKnownFileType = sourcecode.swift; path = ConfigViewController.swift; sourceTree = "<group>"; };
		55603CA1250F405B00228785 /* customNumberFormatter.swift */ = {isa = PBXFileReference; lastKnownFileType = sourcecode.swift; path = customNumberFormatter.swift; sourceTree = "<group>"; };
		556DAAED237AB11600885463 /* CodeReady Containers.app */ = {isa = PBXFileReference; explicitFileType = wrapper.application; includeInIndex = 0; path = "CodeReady Containers.app"; sourceTree = BUILT_PRODUCTS_DIR; };
		556DAAF0237AB11600885463 /* AppDelegate.swift */ = {isa = PBXFileReference; lastKnownFileType = sourcecode.swift; path = AppDelegate.swift; sourceTree = "<group>"; };
		556DAAF2237AB11600885463 /* DetailedStatusViewController.swift */ = {isa = PBXFileReference; lastKnownFileType = sourcecode.swift; path = DetailedStatusViewController.swift; sourceTree = "<group>"; };
		556DAAF4237AB11600885463 /* Assets.xcassets */ = {isa = PBXFileReference; lastKnownFileType = folder.assetcatalog; path = Assets.xcassets; sourceTree = "<group>"; };
		556DAAF7237AB11600885463 /* Base */ = {isa = PBXFileReference; lastKnownFileType = file.storyboard; name = Base; path = Base.lproj/Main.storyboard; sourceTree = "<group>"; };
		556DAAF9237AB11600885463 /* Info.plist */ = {isa = PBXFileReference; lastKnownFileType = text.plist.xml; path = Info.plist; sourceTree = "<group>"; };
		556DAB00237AB16200885463 /* CodeReady Containers.entitlements */ = {isa = PBXFileReference; lastKnownFileType = text.plist.entitlements; path = "CodeReady Containers.entitlements"; sourceTree = "<group>"; };
		5590C40A23D18102000DFF54 /* ExportOptions.plist */ = {isa = PBXFileReference; lastKnownFileType = text.plist.xml; path = ExportOptions.plist; sourceTree = "<group>"; };
		5594643E23879B6700BC99CA /* Handlers.swift */ = {isa = PBXFileReference; lastKnownFileType = sourcecode.swift; path = Handlers.swift; sourceTree = "<group>"; };
		55946440238D332600BC99CA /* UserNotifications.framework */ = {isa = PBXFileReference; lastKnownFileType = wrapper.framework; name = UserNotifications.framework; path = System/Library/Frameworks/UserNotifications.framework; sourceTree = SDKROOT; };
		55D67AC62385DEE600F56917 /* DaemonCommander.swift */ = {isa = PBXFileReference; lastKnownFileType = sourcecode.swift; path = DaemonCommander.swift; sourceTree = "<group>"; };
		55F8D912252313A900B5E045 /* pullSecretStoryBoard.storyboard */ = {isa = PBXFileReference; lastKnownFileType = file.storyboard; path = pullSecretStoryBoard.storyboard; sourceTree = "<group>"; };
		55F8D9152523147F00B5E045 /* PullSecretWindowController.swift */ = {isa = PBXFileReference; lastKnownFileType = sourcecode.swift; path = PullSecretWindowController.swift; sourceTree = "<group>"; };
		55F8D91825231C2200B5E045 /* PullSecretViewController.swift */ = {isa = PBXFileReference; lastKnownFileType = sourcecode.swift; path = PullSecretViewController.swift; sourceTree = "<group>"; };
/* End PBXFileReference section */

/* Begin PBXFrameworksBuildPhase section */
		556DAAEA237AB11600885463 /* Frameworks */ = {
			isa = PBXFrameworksBuildPhase;
			buildActionMask = 2147483647;
			files = (
				55946441238D332600BC99CA /* UserNotifications.framework in Frameworks */,
				A3390174251DF71D00415FD9 /* Socket in Frameworks */,
			);
			runOnlyForDeploymentPostprocessing = 0;
		};
/* End PBXFrameworksBuildPhase section */

/* Begin PBXGroup section */
		1AA9342FEB94722D9F065EEF /* Frameworks */ = {
			isa = PBXGroup;
			children = (
				55946440238D332600BC99CA /* UserNotifications.framework */,
			);
			name = Frameworks;
			sourceTree = "<group>";
		};
		55168E182396220F005D4232 /* DaemonCommander */ = {
			isa = PBXGroup;
			children = (
				5594643E23879B6700BC99CA /* Handlers.swift */,
				55D67AC62385DEE600F56917 /* DaemonCommander.swift */,
			);
			path = DaemonCommander;
			sourceTree = "<group>";
		};
		55168E1B2396268C005D4232 /* Helpers */ = {
			isa = PBXGroup;
			children = (
				55168E1923962545005D4232 /* Helpers.swift */,
				55168E1623955F3F005D4232 /* HyperLinkTextField.swift */,
				5527E18923C4853600DF5297 /* Units.swift */,
				55603CA1250F405B00228785 /* customNumberFormatter.swift */,
			);
			path = Helpers;
			sourceTree = "<group>";
		};
		556DAAE4237AB11600885463 = {
			isa = PBXGroup;
			children = (
				556DAAEF237AB11600885463 /* CodeReady Containers */,
				556DAAEE237AB11600885463 /* Products */,
				1AA9342FEB94722D9F065EEF /* Frameworks */,
			);
			sourceTree = "<group>";
		};
		556DAAEE237AB11600885463 /* Products */ = {
			isa = PBXGroup;
			children = (
				556DAAED237AB11600885463 /* CodeReady Containers.app */,
			);
			name = Products;
			sourceTree = "<group>";
		};
		556DAAEF237AB11600885463 /* CodeReady Containers */ = {
			isa = PBXGroup;
			children = (
				55F8D9112523138000B5E045 /* PullSecretPicker */,
				55F9F9A12508F981002DC1D4 /* config */,
				556DAB00237AB16200885463 /* CodeReady Containers.entitlements */,
				5590C40A23D18102000DFF54 /* ExportOptions.plist */,
				556DAAF0237AB11600885463 /* AppDelegate.swift */,
				554D75ED237E74CF00296295 /* AboutViewController.swift */,
				556DAAF2237AB11600885463 /* DetailedStatusViewController.swift */,
				55168E1B2396268C005D4232 /* Helpers */,
				55168E182396220F005D4232 /* DaemonCommander */,
				556DAAF4237AB11600885463 /* Assets.xcassets */,
				556DAAF6237AB11600885463 /* Main.storyboard */,
				556DAAF9237AB11600885463 /* Info.plist */,
			);
			path = "CodeReady Containers";
			sourceTree = "<group>";
		};
		55F8D9112523138000B5E045 /* PullSecretPicker */ = {
			isa = PBXGroup;
			children = (
				55F8D912252313A900B5E045 /* pullSecretStoryBoard.storyboard */,
				55F8D9152523147F00B5E045 /* PullSecretWindowController.swift */,
				55F8D91825231C2200B5E045 /* PullSecretViewController.swift */,
			);
			path = PullSecretPicker;
			sourceTree = "<group>";
        };
		55F9F9A12508F981002DC1D4 /* config */ = {
			isa = PBXGroup;
			children = (
				5559DE0E24AC55960042E72E /* ConfigViewController.swift */,
			);
			path = config;
			sourceTree = "<group>";
		};
/* End PBXGroup section */

/* Begin PBXNativeTarget section */
		556DAAEC237AB11600885463 /* CodeReady Containers */ = {
			isa = PBXNativeTarget;
			buildConfigurationList = 556DAAFD237AB11600885463 /* Build configuration list for PBXNativeTarget "CodeReady Containers" */;
			buildPhases = (
				556DAAE9237AB11600885463 /* Sources */,
				556DAAEA237AB11600885463 /* Frameworks */,
				556DAAEB237AB11600885463 /* Resources */,
			);
			buildRules = (
			);
			dependencies = (
			);
			name = "CodeReady Containers";
			packageProductDependencies = (
				A3390173251DF71D00415FD9 /* Socket */,
			);
			productName = "CodeReady Containers";
			productReference = 556DAAED237AB11600885463 /* CodeReady Containers.app */;
			productType = "com.apple.product-type.application";
		};
/* End PBXNativeTarget section */

/* Begin PBXProject section */
		556DAAE5237AB11600885463 /* Project object */ = {
			isa = PBXProject;
			attributes = {
				LastSwiftUpdateCheck = 1030;
				LastUpgradeCheck = 1030;
				ORGANIZATIONNAME = "Red Hat";
				TargetAttributes = {
					556DAAEC237AB11600885463 = {
						CreatedOnToolsVersion = 10.3;
						SystemCapabilities = {
							com.apple.Sandbox = {
								enabled = 0;
							};
						};
					};
				};
			};
			buildConfigurationList = 556DAAE8237AB11600885463 /* Build configuration list for PBXProject "CodeReady Containers" */;
			compatibilityVersion = "Xcode 9.3";
			developmentRegion = en;
			hasScannedForEncodings = 0;
			knownRegions = (
				en,
				Base,
			);
			mainGroup = 556DAAE4237AB11600885463;
			packageReferences = (
				A3390172251DF71D00415FD9 /* XCRemoteSwiftPackageReference "BlueSocket" */,
			);
			productRefGroup = 556DAAEE237AB11600885463 /* Products */;
			projectDirPath = "";
			projectRoot = "";
			targets = (
				556DAAEC237AB11600885463 /* CodeReady Containers */,
			);
		};
/* End PBXProject section */

/* Begin PBXResourcesBuildPhase section */
		556DAAEB237AB11600885463 /* Resources */ = {
			isa = PBXResourcesBuildPhase;
			buildActionMask = 2147483647;
			files = (
				556DAAF5237AB11600885463 /* Assets.xcassets in Resources */,
				556DAAF8237AB11600885463 /* Main.storyboard in Resources */,
				55F8D913252313A900B5E045 /* pullSecretStoryBoard.storyboard in Resources */,
				5590C40B23D18102000DFF54 /* ExportOptions.plist in Resources */,
			);
			runOnlyForDeploymentPostprocessing = 0;
		};
/* End PBXResourcesBuildPhase section */

/* Begin PBXSourcesBuildPhase section */
		556DAAE9237AB11600885463 /* Sources */ = {
			isa = PBXSourcesBuildPhase;
			buildActionMask = 2147483647;
			files = (
				554D75EE237E74CF00296295 /* AboutViewController.swift in Sources */,
				55603CA2250F405B00228785 /* customNumberFormatter.swift in Sources */,
				5527E18A23C4853600DF5297 /* Units.swift in Sources */,
				55168E1A23962545005D4232 /* Helpers.swift in Sources */,
				5594643F23879B6700BC99CA /* Handlers.swift in Sources */,
				556DAAF3237AB11600885463 /* DetailedStatusViewController.swift in Sources */,
				55F8D91925231C2200B5E045 /* PullSecretViewController.swift in Sources */,
				55D67AC72385DEE600F56917 /* DaemonCommander.swift in Sources */,
				55168E1723955F3F005D4232 /* HyperLinkTextField.swift in Sources */,
				556DAAF1237AB11600885463 /* AppDelegate.swift in Sources */,
				55F8D9162523147F00B5E045 /* PullSecretWindowController.swift in Sources */,
				5559DE0F24AC55960042E72E /* ConfigViewController.swift in Sources */,
			);
			runOnlyForDeploymentPostprocessing = 0;
		};
/* End PBXSourcesBuildPhase section */

/* Begin PBXVariantGroup section */
		556DAAF6237AB11600885463 /* Main.storyboard */ = {
			isa = PBXVariantGroup;
			children = (
				556DAAF7237AB11600885463 /* Base */,
			);
			name = Main.storyboard;
			sourceTree = "<group>";
		};
/* End PBXVariantGroup section */

/* Begin XCBuildConfiguration section */
		556DAAFB237AB11600885463 /* Debug */ = {
			isa = XCBuildConfiguration;
			buildSettings = {
				ALWAYS_SEARCH_USER_PATHS = NO;
				CLANG_ANALYZER_NONNULL = YES;
				CLANG_ANALYZER_NUMBER_OBJECT_CONVERSION = YES_AGGRESSIVE;
				CLANG_CXX_LANGUAGE_STANDARD = "gnu++14";
				CLANG_CXX_LIBRARY = "libc++";
				CLANG_ENABLE_MODULES = YES;
				CLANG_ENABLE_OBJC_ARC = YES;
				CLANG_ENABLE_OBJC_WEAK = YES;
				CLANG_WARN_BLOCK_CAPTURE_AUTORELEASING = YES;
				CLANG_WARN_BOOL_CONVERSION = YES;
				CLANG_WARN_COMMA = YES;
				CLANG_WARN_CONSTANT_CONVERSION = YES;
				CLANG_WARN_DEPRECATED_OBJC_IMPLEMENTATIONS = YES;
				CLANG_WARN_DIRECT_OBJC_ISA_USAGE = YES_ERROR;
				CLANG_WARN_DOCUMENTATION_COMMENTS = YES;
				CLANG_WARN_EMPTY_BODY = YES;
				CLANG_WARN_ENUM_CONVERSION = YES;
				CLANG_WARN_INFINITE_RECURSION = YES;
				CLANG_WARN_INT_CONVERSION = YES;
				CLANG_WARN_NON_LITERAL_NULL_CONVERSION = YES;
				CLANG_WARN_OBJC_IMPLICIT_RETAIN_SELF = YES;
				CLANG_WARN_OBJC_LITERAL_CONVERSION = YES;
				CLANG_WARN_OBJC_ROOT_CLASS = YES_ERROR;
				CLANG_WARN_RANGE_LOOP_ANALYSIS = YES;
				CLANG_WARN_STRICT_PROTOTYPES = YES;
				CLANG_WARN_SUSPICIOUS_MOVE = YES;
				CLANG_WARN_UNGUARDED_AVAILABILITY = YES_AGGRESSIVE;
				CLANG_WARN_UNREACHABLE_CODE = YES;
				CLANG_WARN__DUPLICATE_METHOD_MATCH = YES;
				CODE_SIGN_IDENTITY = "-";
				COPY_PHASE_STRIP = NO;
				DEBUG_INFORMATION_FORMAT = dwarf;
				ENABLE_STRICT_OBJC_MSGSEND = YES;
				ENABLE_TESTABILITY = YES;
				GCC_C_LANGUAGE_STANDARD = gnu11;
				GCC_DYNAMIC_NO_PIC = NO;
				GCC_NO_COMMON_BLOCKS = YES;
				GCC_OPTIMIZATION_LEVEL = 0;
				GCC_PREPROCESSOR_DEFINITIONS = (
					"DEBUG=1",
					"$(inherited)",
				);
				GCC_WARN_64_TO_32_BIT_CONVERSION = YES;
				GCC_WARN_ABOUT_RETURN_TYPE = YES_ERROR;
				GCC_WARN_UNDECLARED_SELECTOR = YES;
				GCC_WARN_UNINITIALIZED_AUTOS = YES_AGGRESSIVE;
				GCC_WARN_UNUSED_FUNCTION = YES;
				GCC_WARN_UNUSED_VARIABLE = YES;
				MACOSX_DEPLOYMENT_TARGET = 10.14;
				MTL_ENABLE_DEBUG_INFO = INCLUDE_SOURCE;
				MTL_FAST_MATH = YES;
				ONLY_ACTIVE_ARCH = YES;
				SDKROOT = macosx;
				SWIFT_ACTIVE_COMPILATION_CONDITIONS = DEBUG;
				SWIFT_OPTIMIZATION_LEVEL = "-Onone";
			};
			name = Debug;
		};
		556DAAFC237AB11600885463 /* Release */ = {
			isa = XCBuildConfiguration;
			buildSettings = {
				ALWAYS_SEARCH_USER_PATHS = NO;
				CLANG_ANALYZER_NONNULL = YES;
				CLANG_ANALYZER_NUMBER_OBJECT_CONVERSION = YES_AGGRESSIVE;
				CLANG_CXX_LANGUAGE_STANDARD = "gnu++14";
				CLANG_CXX_LIBRARY = "libc++";
				CLANG_ENABLE_MODULES = YES;
				CLANG_ENABLE_OBJC_ARC = YES;
				CLANG_ENABLE_OBJC_WEAK = YES;
				CLANG_WARN_BLOCK_CAPTURE_AUTORELEASING = YES;
				CLANG_WARN_BOOL_CONVERSION = YES;
				CLANG_WARN_COMMA = YES;
				CLANG_WARN_CONSTANT_CONVERSION = YES;
				CLANG_WARN_DEPRECATED_OBJC_IMPLEMENTATIONS = YES;
				CLANG_WARN_DIRECT_OBJC_ISA_USAGE = YES_ERROR;
				CLANG_WARN_DOCUMENTATION_COMMENTS = YES;
				CLANG_WARN_EMPTY_BODY = YES;
				CLANG_WARN_ENUM_CONVERSION = YES;
				CLANG_WARN_INFINITE_RECURSION = YES;
				CLANG_WARN_INT_CONVERSION = YES;
				CLANG_WARN_NON_LITERAL_NULL_CONVERSION = YES;
				CLANG_WARN_OBJC_IMPLICIT_RETAIN_SELF = YES;
				CLANG_WARN_OBJC_LITERAL_CONVERSION = YES;
				CLANG_WARN_OBJC_ROOT_CLASS = YES_ERROR;
				CLANG_WARN_RANGE_LOOP_ANALYSIS = YES;
				CLANG_WARN_STRICT_PROTOTYPES = YES;
				CLANG_WARN_SUSPICIOUS_MOVE = YES;
				CLANG_WARN_UNGUARDED_AVAILABILITY = YES_AGGRESSIVE;
				CLANG_WARN_UNREACHABLE_CODE = YES;
				CLANG_WARN__DUPLICATE_METHOD_MATCH = YES;
				CODE_SIGN_IDENTITY = "-";
				COPY_PHASE_STRIP = NO;
				DEBUG_INFORMATION_FORMAT = "dwarf-with-dsym";
				ENABLE_NS_ASSERTIONS = NO;
				ENABLE_STRICT_OBJC_MSGSEND = YES;
				GCC_C_LANGUAGE_STANDARD = gnu11;
				GCC_NO_COMMON_BLOCKS = YES;
				GCC_WARN_64_TO_32_BIT_CONVERSION = YES;
				GCC_WARN_ABOUT_RETURN_TYPE = YES_ERROR;
				GCC_WARN_UNDECLARED_SELECTOR = YES;
				GCC_WARN_UNINITIALIZED_AUTOS = YES_AGGRESSIVE;
				GCC_WARN_UNUSED_FUNCTION = YES;
				GCC_WARN_UNUSED_VARIABLE = YES;
				MACOSX_DEPLOYMENT_TARGET = 10.14;
				MTL_ENABLE_DEBUG_INFO = NO;
				MTL_FAST_MATH = YES;
				SDKROOT = macosx;
				SWIFT_COMPILATION_MODE = wholemodule;
				SWIFT_OPTIMIZATION_LEVEL = "-O";
			};
			name = Release;
		};
		556DAAFE237AB11600885463 /* Debug */ = {
			isa = XCBuildConfiguration;
			buildSettings = {
				ASSETCATALOG_COMPILER_APPICON_NAME = "AppIcon-1";
				CODE_SIGN_IDENTITY = "-";
				CODE_SIGN_STYLE = Automatic;
				COMBINE_HIDPI_IMAGES = YES;
				DEVELOPMENT_TEAM = "";
				INFOPLIST_FILE = "CodeReady Containers/Info.plist";
				LD_RUNPATH_SEARCH_PATHS = (
					"$(inherited)",
					"@executable_path/../Frameworks",
				);
				PRODUCT_BUNDLE_IDENTIFIER = "redhat.CodeReady-Containers";
				PRODUCT_NAME = "$(TARGET_NAME)";
				PROVISIONING_PROFILE_SPECIFIER = "";
				SWIFT_VERSION = 5.0;
			};
			name = Debug;
		};
		556DAAFF237AB11600885463 /* Release */ = {
			isa = XCBuildConfiguration;
			buildSettings = {
				ASSETCATALOG_COMPILER_APPICON_NAME = "AppIcon-1";
				CODE_SIGN_IDENTITY = "-";
				CODE_SIGN_STYLE = Automatic;
				COMBINE_HIDPI_IMAGES = YES;
				DEVELOPMENT_TEAM = "";
				INFOPLIST_FILE = "CodeReady Containers/Info.plist";
				LD_RUNPATH_SEARCH_PATHS = (
					"$(inherited)",
					"@executable_path/../Frameworks",
				);
				PRODUCT_BUNDLE_IDENTIFIER = "redhat.CodeReady-Containers";
				PRODUCT_NAME = "$(TARGET_NAME)";
				PROVISIONING_PROFILE_SPECIFIER = "";
				SWIFT_VERSION = 5.0;
			};
			name = Release;
		};
/* End XCBuildConfiguration section */

/* Begin XCConfigurationList section */
		556DAAE8237AB11600885463 /* Build configuration list for PBXProject "CodeReady Containers" */ = {
			isa = XCConfigurationList;
			buildConfigurations = (
				556DAAFB237AB11600885463 /* Debug */,
				556DAAFC237AB11600885463 /* Release */,
			);
			defaultConfigurationIsVisible = 0;
			defaultConfigurationName = Release;
		};
		556DAAFD237AB11600885463 /* Build configuration list for PBXNativeTarget "CodeReady Containers" */ = {
			isa = XCConfigurationList;
			buildConfigurations = (
				556DAAFE237AB11600885463 /* Debug */,
				556DAAFF237AB11600885463 /* Release */,
			);
			defaultConfigurationIsVisible = 0;
			defaultConfigurationName = Release;
		};
/* End XCConfigurationList section */

/* Begin XCRemoteSwiftPackageReference section */
		A3390172251DF71D00415FD9 /* XCRemoteSwiftPackageReference "BlueSocket" */ = {
			isa = XCRemoteSwiftPackageReference;
			repositoryURL = "https://github.com/Kitura/BlueSocket";
			requirement = {
				kind = upToNextMajorVersion;
				minimumVersion = 1.0.52;
			};
		};
/* End XCRemoteSwiftPackageReference section */

/* Begin XCSwiftPackageProductDependency section */
		A3390173251DF71D00415FD9 /* Socket */ = {
			isa = XCSwiftPackageProductDependency;
			package = A3390172251DF71D00415FD9 /* XCRemoteSwiftPackageReference "BlueSocket" */;
			productName = Socket;
		};
/* End XCSwiftPackageProductDependency section */
	};
	rootObject = 556DAAE5237AB11600885463 /* Project object */;
}
